
Microsoft Visual Studio Solution File, Format Version 12.00
# Visual Studio Version 17
VisualStudioVersion = 17.5.002.0
MinimumVisualStudioVersion = 10.0.40219.1
Project("{2150E333-8FDC-42A3-9474-1A3956D46DE8}") = "Back", "Back", "{8091A188-3848-4BB6-B119-C64A6AD203A0}"
EndProject
Project("{2150E333-8FDC-42A3-9474-1A3956D46DE8}") = "src", "src", "{E7FB1B40-3424-41C4-B78B-96880E671754}"
EndProject
Project("{9A19103F-16F7-4668-BE54-9A1E7A4F7556}") = "ProEventos.API", "Back\src\ProEventos.API\ProEventos.API.csproj", "{99E1BFD7-28F1-45C5-AFDE-0E509AE06633}"
EndProject
Global
	GlobalSection(SolutionConfigurationPlatforms) = preSolution
		Debug|Any CPU = Debug|Any CPU
		Release|Any CPU = Release|Any CPU
	EndGlobalSection
	GlobalSection(ProjectConfigurationPlatforms) = postSolution
		{99E1BFD7-28F1-45C5-AFDE-0E509AE06633}.Debug|Any CPU.ActiveCfg = Debug|Any CPU
		{99E1BFD7-28F1-45C5-AFDE-0E509AE06633}.Debug|Any CPU.Build.0 = Debug|Any CPU
		{99E1BFD7-28F1-45C5-AFDE-0E509AE06633}.Release|Any CPU.ActiveCfg = Release|Any CPU
		{99E1BFD7-28F1-45C5-AFDE-0E509AE06633}.Release|Any CPU.Build.0 = Release|Any CPU
	EndGlobalSection
	GlobalSection(SolutionProperties) = preSolution
		HideSolutionNode = FALSE
	EndGlobalSection
	GlobalSection(NestedProjects) = preSolution
		{E7FB1B40-3424-41C4-B78B-96880E671754} = {8091A188-3848-4BB6-B119-C64A6AD203A0}
		{99E1BFD7-28F1-45C5-AFDE-0E509AE06633} = {E7FB1B40-3424-41C4-B78B-96880E671754}
	EndGlobalSection
	GlobalSection(ExtensibilityGlobals) = postSolution
		SolutionGuid = {9885EA45-60A6-4F3E-B9EA-148FB2B37609}
	EndGlobalSection
EndGlobal
